
Microsoft Visual Studio Solution File, Format Version 12.00
# Visual Studio Version 16
VisualStudioVersion = 16.0.30907.101
MinimumVisualStudioVersion = 10.0.40219.1
Project("{FAE04EC0-301F-11D3-BF4B-00C04F79EFBC}") = "dia laboral", "dia laboral\dia laboral.csproj", "{0BF61DF5-A6CA-481C-AD72-128F6130612A}"
EndProject
Global
	GlobalSection(SolutionConfigurationPlatforms) = preSolution
		Debug|Any CPU = Debug|Any CPU
		Release|Any CPU = Release|Any CPU
	EndGlobalSection
	GlobalSection(ProjectConfigurationPlatforms) = postSolution
		{0BF61DF5-A6CA-481C-AD72-128F6130612A}.Debug|Any CPU.ActiveCfg = Debug|Any CPU
		{0BF61DF5-A6CA-481C-AD72-128F6130612A}.Debug|Any CPU.Build.0 = Debug|Any CPU
		{0BF61DF5-A6CA-481C-AD72-128F6130612A}.Release|Any CPU.ActiveCfg = Release|Any CPU
		{0BF61DF5-A6CA-481C-AD72-128F6130612A}.Release|Any CPU.Build.0 = Release|Any CPU
	EndGlobalSection
	GlobalSection(SolutionProperties) = preSolution
		HideSolutionNode = FALSE
	EndGlobalSection
	GlobalSection(ExtensibilityGlobals) = postSolution
		SolutionGuid = {76F160E2-459C-4F26-A490-2A747A8434DB}
	EndGlobalSection
EndGlobal
