
Microsoft Visual Studio Solution File, Format Version 12.00
# Visual Studio Version 16
VisualStudioVersion = 16.0.30907.101
MinimumVisualStudioVersion = 10.0.40219.1
Project("{FAE04EC0-301F-11D3-BF4B-00C04F79EFBC}") = "descuento", "descuento\descuento.csproj", "{DE293CE1-1CD7-4760-946B-E44400AEB1D3}"
EndProject
Global
	GlobalSection(SolutionConfigurationPlatforms) = preSolution
		Debug|Any CPU = Debug|Any CPU
		Release|Any CPU = Release|Any CPU
	EndGlobalSection
	GlobalSection(ProjectConfigurationPlatforms) = postSolution
		{DE293CE1-1CD7-4760-946B-E44400AEB1D3}.Debug|Any CPU.ActiveCfg = Debug|Any CPU
		{DE293CE1-1CD7-4760-946B-E44400AEB1D3}.Debug|Any CPU.Build.0 = Debug|Any CPU
		{DE293CE1-1CD7-4760-946B-E44400AEB1D3}.Release|Any CPU.ActiveCfg = Release|Any CPU
		{DE293CE1-1CD7-4760-946B-E44400AEB1D3}.Release|Any CPU.Build.0 = Release|Any CPU
	EndGlobalSection
	GlobalSection(SolutionProperties) = preSolution
		HideSolutionNode = FALSE
	EndGlobalSection
	GlobalSection(ExtensibilityGlobals) = postSolution
		SolutionGuid = {B995646A-4DF1-4BA4-80DF-123EDF3D4CE6}
	EndGlobalSection
EndGlobal
